Microsoft Visual Studio Solution File, Format Version 12.00
# Visual Studio Version 17
VisualStudioVersion = 17.0.31903.59
MinimumVisualStudioVersion = 10.0.40219.1
Project("{9A19103F-16F7-4668-BE54-9A1E7A4F7556}") = "DesktopNotepadWallpaper", "src\DesktopNotepadWallpaper\DesktopNotepadWallpaper.csproj", "{54A3A1CB-4C5E-48F9-954F-FD49886A6CA6}"
EndProject
Project("{2150E333-8FDC-42A3-9474-1A3956D46DE8}") = "tests", "tests", "{BB005800-26F6-4F2D-A364-C56E79028E34}"
EndProject
Project("{FAE04EC0-301F-11D3-BF4B-00C04F79EFBC}") = "DesktopNotepadWallpaper.Tests", "tests\DesktopNotepadWallpaper.Tests\DesktopNotepadWallpaper.Tests.csproj", "{717456BA-CC82-4883-B473-F4644178880E}"
EndProject
Global
	GlobalSection(SolutionConfigurationPlatforms) = preSolution
		Debug|Any CPU = Debug|Any CPU
		Release|Any CPU = Release|Any CPU
	EndGlobalSection
	GlobalSection(ProjectConfigurationPlatforms) = postSolution
		{54A3A1CB-4C5E-48F9-954F-FD49886A6CA6}.Debug|Any CPU.ActiveCfg = Debug|Any CPU
		{54A3A1CB-4C5E-48F9-954F-FD49886A6CA6}.Debug|Any CPU.Build.0 = Debug|Any CPU
		{54A3A1CB-4C5E-48F9-954F-FD49886A6CA6}.Release|Any CPU.ActiveCfg = Release|Any CPU
		{54A3A1CB-4C5E-48F9-954F-FD49886A6CA6}.Release|Any CPU.Build.0 = Release|Any CPU
		{717456BA-CC82-4883-B473-F4644178880E}.Debug|Any CPU.ActiveCfg = Debug|Any CPU
		{717456BA-CC82-4883-B473-F4644178880E}.Debug|Any CPU.Build.0 = Debug|Any CPU
		{717456BA-CC82-4883-B473-F4644178880E}.Release|Any CPU.ActiveCfg = Release|Any CPU
		{717456BA-CC82-4883-B473-F4644178880E}.Release|Any CPU.Build.0 = Release|Any CPU
	EndGlobalSection
	GlobalSection(SolutionProperties) = preSolution
		HideSolutionNode = FALSE
	EndGlobalSection
	GlobalSection(NestedProjects) = preSolution
		{717456BA-CC82-4883-B473-F4644178880E} = {BB005800-26F6-4F2D-A364-C56E79028E34}
	EndGlobalSection
EndGlobal
